// !$*UTF8*$!
{
	archiveVersion = 1;
	classes = {
	};
	objectVersion = 46;
	objects = {

/* Begin PBXBuildFile section */
		957BA1711E953B8C00D66331 /* AppDelegate.swift in Sources */ = {isa = PBXBuildFile; fileRef = 957BA1701E953B8C00D66331 /* AppDelegate.swift */; };
		957BA1731E953B8C00D66331 /* QRCodeViewController.swift in Sources */ = {isa = PBXBuildFile; fileRef = 957BA1721E953B8C00D66331 /* QRCodeViewController.swift */; };
		957BA1761E953B8C00D66331 /* Main.storyboard in Resources */ = {isa = PBXBuildFile; fileRef = 957BA1741E953B8C00D66331 /* Main.storyboard */; };
		957BA1781E953B8C00D66331 /* Assets.xcassets in Resources */ = {isa = PBXBuildFile; fileRef = 957BA1771E953B8C00D66331 /* Assets.xcassets */; };
		957BA17B1E953B8C00D66331 /* LaunchScreen.storyboard in Resources */ = {isa = PBXBuildFile; fileRef = 957BA1791E953B8C00D66331 /* LaunchScreen.storyboard */; };
		957BA1831E95481E00D66331 /* QRScannerController.swift in Sources */ = {isa = PBXBuildFile; fileRef = 957BA1821E95481E00D66331 /* QRScannerController.swift */; };
/* End PBXBuildFile section */

/* Begin PBXFileReference section */
		957BA16D1E953B8C00D66331 /* DecodingBarcode.app */ = {isa = PBXFileReference; explicitFileType = wrapper.application; includeInIndex = 0; path = DecodingBarcode.app; sourceTree = BUILT_PRODUCTS_DIR; };
		957BA1701E953B8C00D66331 /* AppDelegate.swift */ = {isa = PBXFileReference; lastKnownFileType = sourcecode.swift; path = AppDelegate.swift; sourceTree = "<group>"; };
		957BA1721E953B8C00D66331 /* QRCodeViewController.swift */ = {isa = PBXFileReference; lastKnownFileType = sourcecode.swift; path = QRCodeViewController.swift; sourceTree = "<group>"; };
		957BA1751E953B8C00D66331 /* Base */ = {isa = PBXFileReference; lastKnownFileType = file.storyboard; name = Base; path = Base.lproj/Main.storyboard; sourceTree = "<group>"; };
		957BA1771E953B8C00D66331 /* Assets.xcassets */ = {isa = PBXFileReference; lastKnownFileType = folder.assetcatalog; path = Assets.xcassets; sourceTree = "<group>"; };
		957BA17A1E953B8C00D66331 /* Base */ = {isa = PBXFileReference; lastKnownFileType = file.storyboard; name = Base; path = Base.lproj/LaunchScreen.storyboard; sourceTree = "<group>"; };
		957BA17C1E953B8C00D66331 /* Info.plist */ = {isa = PBXFileReference; lastKnownFileType = text.plist.xml; path = Info.plist; sourceTree = "<group>"; };
		957BA1821E95481E00D66331 /* QRScannerController.swift */ = {isa = PBXFileReference; fileEncoding = 4; lastKnownFileType = sourcecode.swift; path = QRScannerController.swift; sourceTree = "<group>"; };
/* End PBXFileReference section */

/* Begin PBXFrameworksBuildPhase section */
		957BA16A1E953B8C00D66331 /* Frameworks */ = {
			isa = PBXFrameworksBuildPhase;
			buildActionMask = 2147483647;
			files = (
			);
			runOnlyForDeploymentPostprocessing = 0;
		};
/* End PBXFrameworksBuildPhase section */

/* Begin PBXGroup section */
		957BA1641E953B8C00D66331 = {
			isa = PBXGroup;
			children = (
				957BA16F1E953B8C00D66331 /* DecodingBarcode */,
				957BA16E1E953B8C00D66331 /* Products */,
			);
			sourceTree = "<group>";
		};
		957BA16E1E953B8C00D66331 /* Products */ = {
			isa = PBXGroup;
			children = (
				957BA16D1E953B8C00D66331 /* DecodingBarcode.app */,
			);
			name = Products;
			sourceTree = "<group>";
		};
		957BA16F1E953B8C00D66331 /* DecodingBarcode */ = {
			isa = PBXGroup;
			children = (
				957BA1701E953B8C00D66331 /* AppDelegate.swift */,
				957BA1721E953B8C00D66331 /* QRCodeViewController.swift */,
				957BA1741E953B8C00D66331 /* Main.storyboard */,
				957BA1771E953B8C00D66331 /* Assets.xcassets */,
				957BA1791E953B8C00D66331 /* LaunchScreen.storyboard */,
				957BA17C1E953B8C00D66331 /* Info.plist */,
				957BA1821E95481E00D66331 /* QRScannerController.swift */,
			);
			path = DecodingBarcode;
			sourceTree = "<group>";
		};
/* End PBXGroup section */

/* Begin PBXNativeTarget section */
		957BA16C1E953B8C00D66331 /* DecodingBarcode */ = {
			isa = PBXNativeTarget;
			buildConfigurationList = 957BA17F1E953B8C00D66331 /* Build configuration list for PBXNativeTarget "DecodingBarcode" */;
			buildPhases = (
				957BA1691E953B8C00D66331 /* Sources */,
				957BA16A1E953B8C00D66331 /* Frameworks */,
				957BA16B1E953B8C00D66331 /* Resources */,
			);
			buildRules = (
			);
			dependencies = (
			);
			name = DecodingBarcode;
			productName = DecodingBarcode;
			productReference = 957BA16D1E953B8C00D66331 /* DecodingBarcode.app */;
			productType = "com.apple.product-type.application";
		};
/* End PBXNativeTarget section */

/* Begin PBXProject section */
		957BA1651E953B8C00D66331 /* Project object */ = {
			isa = PBXProject;
			attributes = {
				LastSwiftUpdateCheck = 0820;
				LastUpgradeCheck = 0820;
				ORGANIZATIONNAME = "Juan Salcedo";
				TargetAttributes = {
					957BA16C1E953B8C00D66331 = {
						CreatedOnToolsVersion = 8.2.1;
						DevelopmentTeam = LFK426N4MN;
						ProvisioningStyle = Automatic;
					};
				};
			};
			buildConfigurationList = 957BA1681E953B8C00D66331 /* Build configuration list for PBXProject "DecodingBarcode" */;
			compatibilityVersion = "Xcode 3.2";
			developmentRegion = English;
			hasScannedForEncodings = 0;
			knownRegions = (
				en,
				Base,
			);
			mainGroup = 957BA1641E953B8C00D66331;
			productRefGroup = 957BA16E1E953B8C00D66331 /* Products */;
			projectDirPath = "";
			projectRoot = "";
			targets = (
				957BA16C1E953B8C00D66331 /* DecodingBarcode */,
			);
		};
/* End PBXProject section */

/* Begin PBXResourcesBuildPhase section */
		957BA16B1E953B8C00D66331 /* Resources */ = {
			isa = PBXResourcesBuildPhase;
			buildActionMask = 2147483647;
			files = (
				957BA17B1E953B8C00D66331 /* LaunchScreen.storyboard in Resources */,
				957BA1781E953B8C00D66331 /* Assets.xcassets in Resources */,
				957BA1761E953B8C00D66331 /* Main.storyboard in Resources */,
			);
			runOnlyForDeploymentPostprocessing = 0;
		};
/* End PBXResourcesBuildPhase section */

/* Begin PBXSourcesBuildPhase section */
		957BA1691E953B8C00D66331 /* Sources */ = {
			isa = PBXSourcesBuildPhase;
			buildActionMask = 2147483647;
			files = (
				957BA1731E953B8C00D66331 /* QRCodeViewController.swift in Sources */,
				957BA1711E953B8C00D66331 /* AppDelegate.swift in Sources */,
				957BA1831E95481E00D66331 /* QRScannerController.swift in Sources */,
			);
			runOnlyForDeploymentPostprocessing = 0;
		};
/* End PBXSourcesBuildPhase section */

/* Begin PBXVariantGroup section */
		957BA1741E953B8C00D66331 /* Main.storyboard */ = {
			isa = PBXVariantGroup;
			children = (
				957BA1751E953B8C00D66331 /* Base */,
			);
			name = Main.storyboard;
			sourceTree = "<group>";
		};
		957BA1791E953B8C00D66331 /* LaunchScreen.storyboard */ = {
			isa = PBXVariantGroup;
			children = (
				957BA17A1E953B8C00D66331 /* Base */,
			);
			name = LaunchScreen.storyboard;
			sourceTree = "<group>";
		};
/* End PBXVariantGroup section */

/* Begin XCBuildConfiguration section */
		957BA17D1E953B8C00D66331 /* Debug */ = {
			isa = XCBuildConfiguration;
			buildSettings = {
				ALWAYS_SEARCH_USER_PATHS = NO;
				CLANG_ANALYZER_NONNULL = YES;
				CLANG_CXX_LANGUAGE_STANDARD = "gnu++0x";
				CLANG_CXX_LIBRARY = "libc++";
				CLANG_ENABLE_MODULES = YES;
				CLANG_ENABLE_OBJC_ARC = YES;
				CLANG_WARN_BOOL_CONVERSION = YES;
				CLANG_WARN_CONSTANT_CONVERSION = YES;
				CLANG_WARN_DIRECT_OBJC_ISA_USAGE = YES_ERROR;
				CLANG_WARN_DOCUMENTATION_COMMENTS = YES;
				CLANG_WARN_EMPTY_BODY = YES;
				CLANG_WARN_ENUM_CONVERSION = YES;
				CLANG_WARN_INFINITE_RECURSION = YES;
				CLANG_WARN_INT_CONVERSION = YES;
				CLANG_WARN_OBJC_ROOT_CLASS = YES_ERROR;
				CLANG_WARN_SUSPICIOUS_MOVE = YES;
				CLANG_WARN_UNREACHABLE_CODE = YES;
				CLANG_WARN__DUPLICATE_METHOD_MATCH = YES;
				"CODE_SIGN_IDENTITY[sdk=iphoneos*]" = "iPhone Developer";
				COPY_PHASE_STRIP = NO;
				DEBUG_INFORMATION_FORMAT = dwarf;
				ENABLE_STRICT_OBJC_MSGSEND = YES;
				ENABLE_TESTABILITY = YES;
				GCC_C_LANGUAGE_STANDARD = gnu99;
				GCC_DYNAMIC_NO_PIC = NO;
				GCC_NO_COMMON_BLOCKS = YES;
				GCC_OPTIMIZATION_LEVEL = 0;
				GCC_PREPROCESSOR_DEFINITIONS = (
					"DEBUG=1",
					"$(inherited)",
				);
				GCC_WARN_64_TO_32_BIT_CONVERSION = YES;
				GCC_WARN_ABOUT_RETURN_TYPE = YES_ERROR;
				GCC_WARN_UNDECLARED_SELECTOR = YES;
				GCC_WARN_UNINITIALIZED_AUTOS = YES_AGGRESSIVE;
				GCC_WARN_UNUSED_FUNCTION = YES;
				GCC_WARN_UNUSED_VARIABLE = YES;
				IPHONEOS_DEPLOYMENT_TARGET = 10.2;
				MTL_ENABLE_DEBUG_INFO = YES;
				ONLY_ACTIVE_ARCH = YES;
				SDKROOT = iphoneos;
				SWIFT_ACTIVE_COMPILATION_CONDITIONS = DEBUG;
				SWIFT_OPTIMIZATION_LEVEL = "-Onone";
				TARGETED_DEVICE_FAMILY = "1,2";
			};
			name = Debug;
		};
		957BA17E1E953B8C00D66331 /* Release */ = {
			isa = XCBuildConfiguration;
			buildSettings = {
				ALWAYS_SEARCH_USER_PATHS = NO;
				CLANG_ANALYZER_NONNULL = YES;
				CLANG_CXX_LANGUAGE_STANDARD = "gnu++0x";
				CLANG_CXX_LIBRARY = "libc++";
				CLANG_ENABLE_MODULES = YES;
				CLANG_ENABLE_OBJC_ARC = YES;
				CLANG_WARN_BOOL_CONVERSION = YES;
				CLANG_WARN_CONSTANT_CONVERSION = YES;
				CLANG_WARN_DIRECT_OBJC_ISA_USAGE = YES_ERROR;
				CLANG_WARN_DOCUMENTATION_COMMENTS = YES;
				CLANG_WARN_EMPTY_BODY = YES;
				CLANG_WARN_ENUM_CONVERSION = YES;
				CLANG_WARN_INFINITE_RECURSION = YES;
				CLANG_WARN_INT_CONVERSION = YES;
				CLANG_WARN_OBJC_ROOT_CLASS = YES_ERROR;
				CLANG_WARN_SUSPICIOUS_MOVE = YES;
				CLANG_WARN_UNREACHABLE_CODE = YES;
				CLANG_WARN__DUPLICATE_METHOD_MATCH = YES;
				"CODE_SIGN_IDENTITY[sdk=iphoneos*]" = "iPhone Developer";
				COPY_PHASE_STRIP = NO;
				DEBUG_INFORMATION_FORMAT = "dwarf-with-dsym";
				ENABLE_NS_ASSERTIONS = NO;
				ENABLE_STRICT_OBJC_MSGSEND = YES;
				GCC_C_LANGUAGE_STANDARD = gnu99;
				GCC_NO_COMMON_BLOCKS = YES;
				GCC_WARN_64_TO_32_BIT_CONVERSION = YES;
				GCC_WARN_ABOUT_RETURN_TYPE = YES_ERROR;
				GCC_WARN_UNDECLARED_SELECTOR = YES;
				GCC_WARN_UNINITIALIZED_AUTOS = YES_AGGRESSIVE;
				GCC_WARN_UNUSED_FUNCTION = YES;
				GCC_WARN_UNUSED_VARIABLE = YES;
				IPHONEOS_DEPLOYMENT_TARGET = 10.2;
				MTL_ENABLE_DEBUG_INFO = NO;
				SDKROOT = iphoneos;
				SWIFT_OPTIMIZATION_LEVEL = "-Owholemodule";
				TARGETED_DEVICE_FAMILY = "1,2";
				VALIDATE_PRODUCT = YES;
			};
			name = Release;
		};
		957BA1801E953B8C00D66331 /* Debug */ = {
			isa = XCBuildConfiguration;
			buildSettings = {
				ASSETCATALOG_COMPILER_APPICON_NAME = AppIcon;
				DEVELOPMENT_TEAM = LFK426N4MN;
				INFOPLIST_FILE = DecodingBarcode/Info.plist;
				LD_RUNPATH_SEARCH_PATHS = "$(inherited) @executable_path/Frameworks";
				PRODUCT_BUNDLE_IDENTIFIER = juansalcedo.com.DecodingBarcode;
				PRODUCT_NAME = "$(TARGET_NAME)";
				SWIFT_VERSION = 3.0;
			};
			name = Debug;
		};
		957BA1811E953B8C00D66331 /* Release */ = {
			isa = XCBuildConfiguration;
			buildSettings = {
				ASSETCATALOG_COMPILER_APPICON_NAME = AppIcon;
				DEVELOPMENT_TEAM = LFK426N4MN;
				INFOPLIST_FILE = DecodingBarcode/Info.plist;
				LD_RUNPATH_SEARCH_PATHS = "$(inherited) @executable_path/Frameworks";
				PRODUCT_BUNDLE_IDENTIFIER = juansalcedo.com.DecodingBarcode;
				PRODUCT_NAME = "$(TARGET_NAME)";
				SWIFT_VERSION = 3.0;
			};
			name = Release;
		};
/* End XCBuildConfiguration section */

/* Begin XCConfigurationList section */
		957BA1681E953B8C00D66331 /* Build configuration list for PBXProject "DecodingBarcode" */ = {
			isa = XCConfigurationList;
			buildConfigurations = (
				957BA17D1E953B8C00D66331 /* Debug */,
				957BA17E1E953B8C00D66331 /* Release */,
			);
			defaultConfigurationIsVisible = 0;
			defaultConfigurationName = Release;
		};
		957BA17F1E953B8C00D66331 /* Build configuration list for PBXNativeTarget "DecodingBarcode" */ = {
			isa = XCConfigurationList;
			buildConfigurations = (
				957BA1801E953B8C00D66331 /* Debug */,
				957BA1811E953B8C00D66331 /* Release */,
			);
			defaultConfigurationIsVisible = 0;
		};
/* End XCConfigurationList section */
	};
	rootObject = 957BA1651E953B8C00D66331 /* Project object */;
}
